// !$*UTF8*$!
{
	archiveVersion = 1;
	classes = {
	};
	objectVersion = 77;
	objects = {

/* Begin PBXBuildFile section */
		673CA2BD2DB230A3007D01CA /* SnapKit in Frameworks */ = {isa = PBXBuildFile; productRef = 673CA2BC2DB230A3007D01CA /* SnapKit */; };
/* End PBXBuildFile section */

/* Begin PBXContainerItemProxy section */
		673CA29B2DB22FB0007D01CA /* PBXContainerItemProxy */ = {
			isa = PBXContainerItemProxy;
			containerPortal = 673CA27C2DB22FAF007D01CA /* Project object */;
			proxyType = 1;
			remoteGlobalIDString = 673CA2832DB22FAF007D01CA;
			remoteInfo = PokemonProject;
		};
		673CA2A52DB22FB0007D01CA /* PBXContainerItemProxy */ = {
			isa = PBXContainerItemProxy;
			containerPortal = 673CA27C2DB22FAF007D01CA /* Project object */;
			proxyType = 1;
			remoteGlobalIDString = 673CA2832DB22FAF007D01CA;
			remoteInfo = PokemonProject;
		};
/* End PBXContainerItemProxy section */

/* Begin PBXFileReference section */
		673CA2842DB22FAF007D01CA /* PokemonProject.app */ = {isa = PBXFileReference; explicitFileType = wrapper.application; includeInIndex = 0; path = PokemonProject.app; sourceTree = BUILT_PRODUCTS_DIR; };
		673CA29A2DB22FB0007D01CA /* PokemonProjectTests.xctest */ = {isa = PBXFileReference; explicitFileType = wrapper.cfbundle; includeInIndex = 0; path = PokemonProjectTests.xctest; sourceTree = BUILT_PRODUCTS_DIR; };
		673CA2A42DB22FB0007D01CA /* PokemonProjectUITests.xctest */ = {isa = PBXFileReference; explicitFileType = wrapper.cfbundle; includeInIndex = 0; path = PokemonProjectUITests.xctest; sourceTree = BUILT_PRODUCTS_DIR; };
/* End PBXFileReference section */

/* Begin PBXFileSystemSynchronizedBuildFileExceptionSet section */
		673CA2AC2DB22FB0007D01CA /* Exceptions for "PokemonProject" folder in "PokemonProject" target */ = {
			isa = PBXFileSystemSynchronizedBuildFileExceptionSet;
			membershipExceptions = (
				Info.plist,
			);
			target = 673CA2832DB22FAF007D01CA /* PokemonProject */;
		};
/* End PBXFileSystemSynchronizedBuildFileExceptionSet section */

/* Begin PBXFileSystemSynchronizedRootGroup section */
		673CA2862DB22FAF007D01CA /* PokemonProject */ = {
			isa = PBXFileSystemSynchronizedRootGroup;
			exceptions = (
				673CA2AC2DB22FB0007D01CA /* Exceptions for "PokemonProject" folder in "PokemonProject" target */,
			);
			path = PokemonProject;
			sourceTree = "<group>";
		};
		673CA29D2DB22FB0007D01CA /* PokemonProjectTests */ = {
			isa = PBXFileSystemSynchronizedRootGroup;
			path = PokemonProjectTests;
			sourceTree = "<group>";
		};
		673CA2A72DB22FB0007D01CA /* PokemonProjectUITests */ = {
			isa = PBXFileSystemSynchronizedRootGroup;
			path = PokemonProjectUITests;
			sourceTree = "<group>";
		};
/* End PBXFileSystemSynchronizedRootGroup section */

/* Begin PBXFrameworksBuildPhase section */
		673CA2812DB22FAF007D01CA /* Frameworks */ = {
			isa = PBXFrameworksBuildPhase;
			buildActionMask = 2147483647;
			files = (
				673CA2BD2DB230A3007D01CA /* SnapKit in Frameworks */,
			);
			runOnlyForDeploymentPostprocessing = 0;
		};
		673CA2972DB22FB0007D01CA /* Frameworks */ = {
			isa = PBXFrameworksBuildPhase;
			buildActionMask = 2147483647;
			files = (
			);
			runOnlyForDeploymentPostprocessing = 0;
		};
		673CA2A12DB22FB0007D01CA /* Frameworks */ = {
			isa = PBXFrameworksBuildPhase;
			buildActionMask = 2147483647;
			files = (
			);
			runOnlyForDeploymentPostprocessing = 0;
		};
/* End PBXFrameworksBuildPhase section */

/* Begin PBXGroup section */
		673CA27B2DB22FAF007D01CA = {
			isa = PBXGroup;
			children = (
				673CA2862DB22FAF007D01CA /* PokemonProject */,
				673CA29D2DB22FB0007D01CA /* PokemonProjectTests */,
				673CA2A72DB22FB0007D01CA /* PokemonProjectUITests */,
				673CA2BB2DB230A3007D01CA /* Frameworks */,
				673CA2852DB22FAF007D01CA /* Products */,
			);
			sourceTree = "<group>";
		};
		673CA2852DB22FAF007D01CA /* Products */ = {
			isa = PBXGroup;
			children = (
				673CA2842DB22FAF007D01CA /* PokemonProject.app */,
				673CA29A2DB22FB0007D01CA /* PokemonProjectTests.xctest */,
				673CA2A42DB22FB0007D01CA /* PokemonProjectUITests.xctest */,
			);
			name = Products;
			sourceTree = "<group>";
		};
		673CA2BB2DB230A3007D01CA /* Frameworks */ = {
			isa = PBXGroup;
			children = (
			);
			name = Frameworks;
			sourceTree = "<group>";
		};
/* End PBXGroup section */

/* Begin PBXNativeTarget section */
		673CA2832DB22FAF007D01CA /* PokemonProject */ = {
			isa = PBXNativeTarget;
			buildConfigurationList = 673CA2AD2DB22FB0007D01CA /* Build configuration list for PBXNativeTarget "PokemonProject" */;
			buildPhases = (
				673CA2802DB22FAF007D01CA /* Sources */,
				673CA2812DB22FAF007D01CA /* Frameworks */,
				673CA2822DB22FAF007D01CA /* Resources */,
			);
			buildRules = (
			);
			dependencies = (
			);
			fileSystemSynchronizedGroups = (
				673CA2862DB22FAF007D01CA /* PokemonProject */,
			);
			name = PokemonProject;
			packageProductDependencies = (
				673CA2BC2DB230A3007D01CA /* SnapKit */,
			);
			productName = PokemonProject;
			productReference = 673CA2842DB22FAF007D01CA /* PokemonProject.app */;
			productType = "com.apple.product-type.application";
		};
		673CA2992DB22FB0007D01CA /* PokemonProjectTests */ = {
			isa = PBXNativeTarget;
			buildConfigurationList = 673CA2B22DB22FB0007D01CA /* Build configuration list for PBXNativeTarget "PokemonProjectTests" */;
			buildPhases = (
				673CA2962DB22FB0007D01CA /* Sources */,
				673CA2972DB22FB0007D01CA /* Frameworks */,
				673CA2982DB22FB0007D01CA /* Resources */,
			);
			buildRules = (
			);
			dependencies = (
				673CA29C2DB22FB0007D01CA /* PBXTargetDependency */,
			);
			fileSystemSynchronizedGroups = (
				673CA29D2DB22FB0007D01CA /* PokemonProjectTests */,
			);
			name = PokemonProjectTests;
			packageProductDependencies = (
			);
			productName = PokemonProjectTests;
			productReference = 673CA29A2DB22FB0007D01CA /* PokemonProjectTests.xctest */;
			productType = "com.apple.product-type.bundle.unit-test";
		};
		673CA2A32DB22FB0007D01CA /* PokemonProjectUITests */ = {
			isa = PBXNativeTarget;
			buildConfigurationList = 673CA2B52DB22FB0007D01CA /* Build configuration list for PBXNativeTarget "PokemonProjectUITests" */;
			buildPhases = (
				673CA2A02DB22FB0007D01CA /* Sources */,
				673CA2A12DB22FB0007D01CA /* Frameworks */,
				673CA2A22DB22FB0007D01CA /* Resources */,
			);
			buildRules = (
			);
			dependencies = (
				673CA2A62DB22FB0007D01CA /* PBXTargetDependency */,
			);
			fileSystemSynchronizedGroups = (
				673CA2A72DB22FB0007D01CA /* PokemonProjectUITests */,
			);
			name = PokemonProjectUITests;
			packageProductDependencies = (
			);
			productName = PokemonProjectUITests;
			productReference = 673CA2A42DB22FB0007D01CA /* PokemonProjectUITests.xctest */;
			productType = "com.apple.product-type.bundle.ui-testing";
		};
/* End PBXNativeTarget section */

/* Begin PBXProject section */
		673CA27C2DB22FAF007D01CA /* Project object */ = {
			isa = PBXProject;
			attributes = {
				BuildIndependentTargetsInParallel = 1;
				LastSwiftUpdateCheck = 1620;
				LastUpgradeCheck = 1620;
				TargetAttributes = {
					673CA2832DB22FAF007D01CA = {
						CreatedOnToolsVersion = 16.2;
					};
					673CA2992DB22FB0007D01CA = {
						CreatedOnToolsVersion = 16.2;
						TestTargetID = 673CA2832DB22FAF007D01CA;
					};
					673CA2A32DB22FB0007D01CA = {
						CreatedOnToolsVersion = 16.2;
						TestTargetID = 673CA2832DB22FAF007D01CA;
					};
				};
			};
			buildConfigurationList = 673CA27F2DB22FAF007D01CA /* Build configuration list for PBXProject "PokemonProject" */;
			developmentRegion = en;
			hasScannedForEncodings = 0;
			knownRegions = (
				en,
				Base,
			);
			mainGroup = 673CA27B2DB22FAF007D01CA;
			minimizedProjectReferenceProxies = 1;
			packageReferences = (
				673CA2BA2DB2302A007D01CA /* XCRemoteSwiftPackageReference "SnapKit" */,
			);
			preferredProjectObjectVersion = 77;
			productRefGroup = 673CA2852DB22FAF007D01CA /* Products */;
			projectDirPath = "";
			projectRoot = "";
			targets = (
				673CA2832DB22FAF007D01CA /* PokemonProject */,
				673CA2992DB22FB0007D01CA /* PokemonProjectTests */,
				673CA2A32DB22FB0007D01CA /* PokemonProjectUITests */,
			);
		};
/* End PBXProject section */

/* Begin PBXResourcesBuildPhase section */
		673CA2822DB22FAF007D01CA /* Resources */ = {
			isa = PBXResourcesBuildPhase;
			buildActionMask = 2147483647;
			files = (
			);
			runOnlyForDeploymentPostprocessing = 0;
		};
		673CA2982DB22FB0007D01CA /* Resources */ = {
			isa = PBXResourcesBuildPhase;
			buildActionMask = 2147483647;
			files = (
			);
			runOnlyForDeploymentPostprocessing = 0;
		};
		673CA2A22DB22FB0007D01CA /* Resources */ = {
			isa = PBXResourcesBuildPhase;
			buildActionMask = 2147483647;
			files = (
			);
			runOnlyForDeploymentPostprocessing = 0;
		};
/* End PBXResourcesBuildPhase section */

/* Begin PBXSourcesBuildPhase section */
		673CA2802DB22FAF007D01CA /* Sources */ = {
			isa = PBXSourcesBuildPhase;
			buildActionMask = 2147483647;
			files = (
			);
			runOnlyForDeploymentPostprocessing = 0;
		};
		673CA2962DB22FB0007D01CA /* Sources */ = {
			isa = PBXSourcesBuildPhase;
			buildActionMask = 2147483647;
			files = (
			);
			runOnlyForDeploymentPostprocessing = 0;
		};
		673CA2A02DB22FB0007D01CA /* Sources */ = {
			isa = PBXSourcesBuildPhase;
			buildActionMask = 2147483647;
			files = (
			);
			runOnlyForDeploymentPostprocessing = 0;
		};
/* End PBXSourcesBuildPhase section */

/* Begin PBXTargetDependency section */
		673CA29C2DB22FB0007D01CA /* PBXTargetDependency */ = {
			isa = PBXTargetDependency;
			target = 673CA2832DB22FAF007D01CA /* PokemonProject */;
			targetProxy = 673CA29B2DB22FB0007D01CA /* PBXContainerItemProxy */;
		};
		673CA2A62DB22FB0007D01CA /* PBXTargetDependency */ = {
			isa = PBXTargetDependency;
			target = 673CA2832DB22FAF007D01CA /* PokemonProject */;
			targetProxy = 673CA2A52DB22FB0007D01CA /* PBXContainerItemProxy */;
		};
/* End PBXTargetDependency section */

/* Begin XCBuildConfiguration section */
		673CA2AE2DB22FB0007D01CA /* Debug */ = {
			isa = XCBuildConfiguration;
			buildSettings = {
				ASSETCATALOG_COMPILER_APPICON_NAME = AppIcon;
				ASSETCATALOG_COMPILER_GLOBAL_ACCENT_COLOR_NAME = AccentColor;
				CODE_SIGN_STYLE = Automatic;
				CURRENT_PROJECT_VERSION = 1;
				GENERATE_INFOPLIST_FILE = YES;
				INFOPLIST_FILE = PokemonProject/Info.plist;
				INFOPLIST_KEY_UIApplicationSupportsIndirectInputEvents = YES;
				INFOPLIST_KEY_UILaunchStoryboardName = LaunchScreen;
				INFOPLIST_KEY_UIMainStoryboardFile = Main;
				INFOPLIST_KEY_UISupportedInterfaceOrientations_iPad = "UIInterfaceOrientationPortrait UIInterfaceOrientationPortraitUpsideDown UIInterfaceOrientationLandscapeLeft UIInterfaceOrientationLandscapeRight";
				INFOPLIST_KEY_UISupportedInterfaceOrientations_iPhone = "UIInterfaceOrientationPortrait UIInterfaceOrientationLandscapeLeft UIInterfaceOrientationLandscapeRight";
				LD_RUNPATH_SEARCH_PATHS = (
					"$(inherited)",
					"@executable_path/Frameworks",
				);
				MARKETING_VERSION = 1.0;
				PRODUCT_BUNDLE_IDENTIFIER = com.test.PokemonProject;
				PRODUCT_NAME = "$(TARGET_NAME)";
				SWIFT_EMIT_LOC_STRINGS = YES;
				SWIFT_VERSION = 5.0;
				TARGETED_DEVICE_FAMILY = "1,2";
			};
			name = Debug;
		};
		673CA2AF2DB22FB0007D01CA /* Release */ = {
			isa = XCBuildConfiguration;
			buildSettings = {
				ASSETCATALOG_COMPILER_APPICON_NAME = AppIcon;
				ASSETCATALOG_COMPILER_GLOBAL_ACCENT_COLOR_NAME = AccentColor;
				CODE_SIGN_STYLE = Automatic;
				CURRENT_PROJECT_VERSION = 1;
				GENERATE_INFOPLIST_FILE = YES;
				INFOPLIST_FILE = PokemonProject/Info.plist;
				INFOPLIST_KEY_UIApplicationSupportsIndirectInputEvents = YES;
				INFOPLIST_KEY_UILaunchStoryboardName = LaunchScreen;
				INFOPLIST_KEY_UIMainStoryboardFile = Main;
				INFOPLIST_KEY_UISupportedInterfaceOrientations_iPad = "UIInterfaceOrientationPortrait UIInterfaceOrientationPortraitUpsideDown UIInterfaceOrientationLandscapeLeft UIInterfaceOrientationLandscapeRight";
				INFOPLIST_KEY_UISupportedInterfaceOrientations_iPhone = "UIInterfaceOrientationPortrait UIInterfaceOrientationLandscapeLeft UIInterfaceOrientationLandscapeRight";
				LD_RUNPATH_SEARCH_PATHS = (
					"$(inherited)",
					"@executable_path/Frameworks",
				);
				MARKETING_VERSION = 1.0;
				PRODUCT_BUNDLE_IDENTIFIER = com.test.PokemonProject;
				PRODUCT_NAME = "$(TARGET_NAME)";
				SWIFT_EMIT_LOC_STRINGS = YES;
				SWIFT_VERSION = 5.0;
				TARGETED_DEVICE_FAMILY = "1,2";
			};
			name = Release;
		};
		673CA2B02DB22FB0007D01CA /* Debug */ = {
			isa = XCBuildConfiguration;
			buildSettings = {
				ALWAYS_SEARCH_USER_PATHS = NO;
				ASSETCATALOG_COMPILER_GENERATE_SWIFT_ASSET_SYMBOL_EXTENSIONS = YES;
				CLANG_ANALYZER_NONNULL = YES;
				CLANG_ANALYZER_NUMBER_OBJECT_CONVERSION = YES_AGGRESSIVE;
				CLANG_CXX_LANGUAGE_STANDARD = "gnu++20";
				CLANG_ENABLE_MODULES = YES;
				CLANG_ENABLE_OBJC_ARC = YES;
				CLANG_ENABLE_OBJC_WEAK = YES;
				CLANG_WARN_BLOCK_CAPTURE_AUTORELEASING = YES;
				CLANG_WARN_BOOL_CONVERSION = YES;
				CLANG_WARN_COMMA = YES;
				CLANG_WARN_CONSTANT_CONVERSION = YES;
				CLANG_WARN_DEPRECATED_OBJC_IMPLEMENTATIONS = YES;
				CLANG_WARN_DIRECT_OBJC_ISA_USAGE = YES_ERROR;
				CLANG_WARN_DOCUMENTATION_COMMENTS = YES;
				CLANG_WARN_EMPTY_BODY = YES;
				CLANG_WARN_ENUM_CONVERSION = YES;
				CLANG_WARN_INFINITE_RECURSION = YES;
				CLANG_WARN_INT_CONVERSION = YES;
				CLANG_WARN_NON_LITERAL_NULL_CONVERSION = YES;
				CLANG_WARN_OBJC_IMPLICIT_RETAIN_SELF = YES;
				CLANG_WARN_OBJC_LITERAL_CONVERSION = YES;
				CLANG_WARN_OBJC_ROOT_CLASS = YES_ERROR;
				CLANG_WARN_QUOTED_INCLUDE_IN_FRAMEWORK_HEADER = YES;
				CLANG_WARN_RANGE_LOOP_ANALYSIS = YES;
				CLANG_WARN_STRICT_PROTOTYPES = YES;
				CLANG_WARN_SUSPICIOUS_MOVE = YES;
				CLANG_WARN_UNGUARDED_AVAILABILITY = YES_AGGRESSIVE;
				CLANG_WARN_UNREACHABLE_CODE = YES;
				CLANG_WARN__DUPLICATE_METHOD_MATCH = YES;
				COPY_PHASE_STRIP = NO;
				DEBUG_INFORMATION_FORMAT = dwarf;
				ENABLE_STRICT_OBJC_MSGSEND = YES;
				ENABLE_TESTABILITY = YES;
				ENABLE_USER_SCRIPT_SANDBOXING = YES;
				GCC_C_LANGUAGE_STANDARD = gnu17;
				GCC_DYNAMIC_NO_PIC = NO;
				GCC_NO_COMMON_BLOCKS = YES;
				GCC_OPTIMIZATION_LEVEL = 0;
				GCC_PREPROCESSOR_DEFINITIONS = (
					"DEBUG=1",
					"$(inherited)",
				);
				GCC_WARN_64_TO_32_BIT_CONVERSION = YES;
				GCC_WARN_ABOUT_RETURN_TYPE = YES_ERROR;
				GCC_WARN_UNDECLARED_SELECTOR = YES;
				GCC_WARN_UNINITIALIZED_AUTOS = YES_AGGRESSIVE;
				GCC_WARN_UNUSED_FUNCTION = YES;
				GCC_WARN_UNUSED_VARIABLE = YES;
				IPHONEOS_DEPLOYMENT_TARGET = 18.2;
				LOCALIZATION_PREFERS_STRING_CATALOGS = YES;
				MTL_ENABLE_DEBUG_INFO = INCLUDE_SOURCE;
				MTL_FAST_MATH = YES;
				ONLY_ACTIVE_ARCH = YES;
				SDKROOT = iphoneos;
				SWIFT_ACTIVE_COMPILATION_CONDITIONS = "DEBUG $(inherited)";
				SWIFT_OPTIMIZATION_LEVEL = "-Onone";
			};
			name = Debug;
		};
		673CA2B12DB22FB0007D01CA /* Release */ = {
			isa = XCBuildConfiguration;
			buildSettings = {
				ALWAYS_SEARCH_USER_PATHS = NO;
				ASSETCATALOG_COMPILER_GENERATE_SWIFT_ASSET_SYMBOL_EXTENSIONS = YES;
				CLANG_ANALYZER_NONNULL = YES;
				CLANG_ANALYZER_NUMBER_OBJECT_CONVERSION = YES_AGGRESSIVE;
				CLANG_CXX_LANGUAGE_STANDARD = "gnu++20";
				CLANG_ENABLE_MODULES = YES;
				CLANG_ENABLE_OBJC_ARC = YES;
				CLANG_ENABLE_OBJC_WEAK = YES;
				CLANG_WARN_BLOCK_CAPTURE_AUTORELEASING = YES;
				CLANG_WARN_BOOL_CONVERSION = YES;
				CLANG_WARN_COMMA = YES;
				CLANG_WARN_CONSTANT_CONVERSION = YES;
				CLANG_WARN_DEPRECATED_OBJC_IMPLEMENTATIONS = YES;
				CLANG_WARN_DIRECT_OBJC_ISA_USAGE = YES_ERROR;
				CLANG_WARN_DOCUMENTATION_COMMENTS = YES;
				CLANG_WARN_EMPTY_BODY = YES;
				CLANG_WARN_ENUM_CONVERSION = YES;
				CLANG_WARN_INFINITE_RECURSION = YES;
				CLANG_WARN_INT_CONVERSION = YES;
				CLANG_WARN_NON_LITERAL_NULL_CONVERSION = YES;
				CLANG_WARN_OBJC_IMPLICIT_RETAIN_SELF = YES;
				CLANG_WARN_OBJC_LITERAL_CONVERSION = YES;
				CLANG_WARN_OBJC_ROOT_CLASS = YES_ERROR;
				CLANG_WARN_QUOTED_INCLUDE_IN_FRAMEWORK_HEADER = YES;
				CLANG_WARN_RANGE_LOOP_ANALYSIS = YES;
				CLANG_WARN_STRICT_PROTOTYPES = YES;
				CLANG_WARN_SUSPICIOUS_MOVE = YES;
				CLANG_WARN_UNGUARDED_AVAILABILITY = YES_AGGRESSIVE;
				CLANG_WARN_UNREACHABLE_CODE = YES;
				CLANG_WARN__DUPLICATE_METHOD_MATCH = YES;
				COPY_PHASE_STRIP = NO;
				DEBUG_INFORMATION_FORMAT = "dwarf-with-dsym";
				ENABLE_NS_ASSERTIONS = NO;
				ENABLE_STRICT_OBJC_MSGSEND = YES;
				ENABLE_USER_SCRIPT_SANDBOXING = YES;
				GCC_C_LANGUAGE_STANDARD = gnu17;
				GCC_NO_COMMON_BLOCKS = YES;
				GCC_WARN_64_TO_32_BIT_CONVERSION = YES;
				GCC_WARN_ABOUT_RETURN_TYPE = YES_ERROR;
				GCC_WARN_UNDECLARED_SELECTOR = YES;
				GCC_WARN_UNINITIALIZED_AUTOS = YES_AGGRESSIVE;
				GCC_WARN_UNUSED_FUNCTION = YES;
				GCC_WARN_UNUSED_VARIABLE = YES;
				IPHONEOS_DEPLOYMENT_TARGET = 18.2;
				LOCALIZATION_PREFERS_STRING_CATALOGS = YES;
				MTL_ENABLE_DEBUG_INFO = NO;
				MTL_FAST_MATH = YES;
				SDKROOT = iphoneos;
				SWIFT_COMPILATION_MODE = wholemodule;
				VALIDATE_PRODUCT = YES;
			};
			name = Release;
		};
		673CA2B32DB22FB0007D01CA /* Debug */ = {
			isa = XCBuildConfiguration;
			buildSettings = {
				BUNDLE_LOADER = "$(TEST_HOST)";
				CODE_SIGN_STYLE = Automatic;
				CURRENT_PROJECT_VERSION = 1;
				GENERATE_INFOPLIST_FILE = YES;
				IPHONEOS_DEPLOYMENT_TARGET = 18.2;
				MARKETING_VERSION = 1.0;
				PRODUCT_BUNDLE_IDENTIFIER = com.test.PokemonProjectTests;
				PRODUCT_NAME = "$(TARGET_NAME)";
				SWIFT_EMIT_LOC_STRINGS = NO;
				SWIFT_VERSION = 5.0;
				TARGETED_DEVICE_FAMILY = "1,2";
				TEST_HOST = "$(BUILT_PRODUCTS_DIR)/PokemonProject.app/$(BUNDLE_EXECUTABLE_FOLDER_PATH)/PokemonProject";
			};
			name = Debug;
		};
		673CA2B42DB22FB0007D01CA /* Release */ = {
			isa = XCBuildConfiguration;
			buildSettings = {
				BUNDLE_LOADER = "$(TEST_HOST)";
				CODE_SIGN_STYLE = Automatic;
				CURRENT_PROJECT_VERSION = 1;
				GENERATE_INFOPLIST_FILE = YES;
				IPHONEOS_DEPLOYMENT_TARGET = 18.2;
				MARKETING_VERSION = 1.0;
				PRODUCT_BUNDLE_IDENTIFIER = com.test.PokemonProjectTests;
				PRODUCT_NAME = "$(TARGET_NAME)";
				SWIFT_EMIT_LOC_STRINGS = NO;
				SWIFT_VERSION = 5.0;
				TARGETED_DEVICE_FAMILY = "1,2";
				TEST_HOST = "$(BUILT_PRODUCTS_DIR)/PokemonProject.app/$(BUNDLE_EXECUTABLE_FOLDER_PATH)/PokemonProject";
			};
			name = Release;
		};
		673CA2B62DB22FB0007D01CA /* Debug */ = {
			isa = XCBuildConfiguration;
			buildSettings = {
				CODE_SIGN_STYLE = Automatic;
				CURRENT_PROJECT_VERSION = 1;
				GENERATE_INFOPLIST_FILE = YES;
				MARKETING_VERSION = 1.0;
				PRODUCT_BUNDLE_IDENTIFIER = com.test.PokemonProjectUITests;
				PRODUCT_NAME = "$(TARGET_NAME)";
				SWIFT_EMIT_LOC_STRINGS = NO;
				SWIFT_VERSION = 5.0;
				TARGETED_DEVICE_FAMILY = "1,2";
				TEST_TARGET_NAME = PokemonProject;
			};
			name = Debug;
		};
		673CA2B72DB22FB0007D01CA /* Release */ = {
			isa = XCBuildConfiguration;
			buildSettings = {
				CODE_SIGN_STYLE = Automatic;
				CURRENT_PROJECT_VERSION = 1;
				GENERATE_INFOPLIST_FILE = YES;
				MARKETING_VERSION = 1.0;
				PRODUCT_BUNDLE_IDENTIFIER = com.test.PokemonProjectUITests;
				PRODUCT_NAME = "$(TARGET_NAME)";
				SWIFT_EMIT_LOC_STRINGS = NO;
				SWIFT_VERSION = 5.0;
				TARGETED_DEVICE_FAMILY = "1,2";
				TEST_TARGET_NAME = PokemonProject;
			};
			name = Release;
		};
/* End XCBuildConfiguration section */

/* Begin XCConfigurationList section */
		673CA27F2DB22FAF007D01CA /* Build configuration list for PBXProject "PokemonProject" */ = {
			isa = XCConfigurationList;
			buildConfigurations = (
				673CA2B02DB22FB0007D01CA /* Debug */,
				673CA2B12DB22FB0007D01CA /* Release */,
			);
			defaultConfigurationIsVisible = 0;
			defaultConfigurationName = Release;
		};
		673CA2AD2DB22FB0007D01CA /* Build configuration list for PBXNativeTarget "PokemonProject" */ = {
			isa = XCConfigurationList;
			buildConfigurations = (
				673CA2AE2DB22FB0007D01CA /* Debug */,
				673CA2AF2DB22FB0007D01CA /* Release */,
			);
			defaultConfigurationIsVisible = 0;
			defaultConfigurationName = Release;
		};
		673CA2B22DB22FB0007D01CA /* Build configuration list for PBXNativeTarget "PokemonProjectTests" */ = {
			isa = XCConfigurationList;
			buildConfigurations = (
				673CA2B32DB22FB0007D01CA /* Debug */,
				673CA2B42DB22FB0007D01CA /* Release */,
			);
			defaultConfigurationIsVisible = 0;
			defaultConfigurationName = Release;
		};
		673CA2B52DB22FB0007D01CA /* Build configuration list for PBXNativeTarget "PokemonProjectUITests" */ = {
			isa = XCConfigurationList;
			buildConfigurations = (
				673CA2B62DB22FB0007D01CA /* Debug */,
				673CA2B72DB22FB0007D01CA /* Release */,
			);
			defaultConfigurationIsVisible = 0;
			defaultConfigurationName = Release;
		};
/* End XCConfigurationList section */

/* Begin XCRemoteSwiftPackageReference section */
		673CA2BA2DB2302A007D01CA /* XCRemoteSwiftPackageReference "SnapKit" */ = {
			isa = XCRemoteSwiftPackageReference;
			repositoryURL = "https://github.com/SnapKit/SnapKit.git";
			requirement = {
				kind = upToNextMajorVersion;
				minimumVersion = 5.7.1;
			};
		};
/* End XCRemoteSwiftPackageReference section */

/* Begin XCSwiftPackageProductDependency section */
		673CA2BC2DB230A3007D01CA /* SnapKit */ = {
			isa = XCSwiftPackageProductDependency;
			package = 673CA2BA2DB2302A007D01CA /* XCRemoteSwiftPackageReference "SnapKit" */;
			productName = SnapKit;
		};
/* End XCSwiftPackageProductDependency section */
	};
	rootObject = 673CA27C2DB22FAF007D01CA /* Project object */;
}
